
Microsoft Visual Studio Solution File, Format Version 12.00
# Visual Studio 15
VisualStudioVersion = 15.0.28010.2048
MinimumVisualStudioVersion = 10.0.40219.1
Project("{FAE04EC0-301F-11D3-BF4B-00C04F79EFBC}") = "A2", "A2\A2.csproj", "{F01E50E7-7A89-498B-9316-54CAF360333E}"
EndProject
Global
	GlobalSection(SolutionConfigurationPlatforms) = preSolution
		Debug|Any CPU = Debug|Any CPU
		Release|Any CPU = Release|Any CPU
	EndGlobalSection
	GlobalSection(ProjectConfigurationPlatforms) = postSolution
		{F01E50E7-7A89-498B-9316-54CAF360333E}.Debug|Any CPU.ActiveCfg = Debug|Any CPU
		{F01E50E7-7A89-498B-9316-54CAF360333E}.Debug|Any CPU.Build.0 = Debug|Any CPU
		{F01E50E7-7A89-498B-9316-54CAF360333E}.Release|Any CPU.ActiveCfg = Release|Any CPU
		{F01E50E7-7A89-498B-9316-54CAF360333E}.Release|Any CPU.Build.0 = Release|Any CPU
	EndGlobalSection
	GlobalSection(SolutionProperties) = preSolution
		HideSolutionNode = FALSE
	EndGlobalSection
	GlobalSection(ExtensibilityGlobals) = postSolution
		SolutionGuid = {39E6175C-F58A-4076-A5E4-56555963EE71}
	EndGlobalSection
EndGlobal
